
Microsoft Visual Studio Solution File, Format Version 12.00
Project("{FAE04EC0-301F-11D3-BF4B-00C04F79EFBC}") = "InvestCalculator", "InvestCalculator\InvestCalculator.csproj", "{C382842F-BEB6-440C-966E-F7FF1FA6F024}"
EndProject
Project("{FAE04EC0-301F-11D3-BF4B-00C04F79EFBC}") = "InvestCalculator.Tests", "InvestCalculator.Tests\InvestCalculator.Tests.csproj", "{2C0E6974-37B9-4DBE-AE31-2F922616E17F}"
EndProject
Global
	GlobalSection(SolutionConfigurationPlatforms) = preSolution
		Debug|Any CPU = Debug|Any CPU
		Release|Any CPU = Release|Any CPU
	EndGlobalSection
	GlobalSection(ProjectConfigurationPlatforms) = postSolution
		{C382842F-BEB6-440C-966E-F7FF1FA6F024}.Debug|Any CPU.ActiveCfg = Debug|Any CPU
		{C382842F-BEB6-440C-966E-F7FF1FA6F024}.Debug|Any CPU.Build.0 = Debug|Any CPU
		{C382842F-BEB6-440C-966E-F7FF1FA6F024}.Release|Any CPU.ActiveCfg = Release|Any CPU
		{C382842F-BEB6-440C-966E-F7FF1FA6F024}.Release|Any CPU.Build.0 = Release|Any CPU
		{2C0E6974-37B9-4DBE-AE31-2F922616E17F}.Debug|Any CPU.ActiveCfg = Debug|Any CPU
		{2C0E6974-37B9-4DBE-AE31-2F922616E17F}.Debug|Any CPU.Build.0 = Debug|Any CPU
		{2C0E6974-37B9-4DBE-AE31-2F922616E17F}.Release|Any CPU.ActiveCfg = Release|Any CPU
		{2C0E6974-37B9-4DBE-AE31-2F922616E17F}.Release|Any CPU.Build.0 = Release|Any CPU
	EndGlobalSection
EndGlobal
